# This file is automatically @generated by Cargo.
# It is not intended for manual editing.
version = 4

[[package]]
name = "codegen"
version = "0.1.0"

[[package]]
name = "genpay"
version = "0.1.0"
dependencies = [
 "codegen",
 "lexer",
 "linker",
 "parser",
 "semantic",
 "syntax",
]

[[package]]
name = "lexer"
version = "0.1.0"
dependencies = [
 "syntax",
]

[[package]]
name = "linker"
version = "0.1.0"

[[package]]
name = "parser"
version = "0.1.0"
dependencies = [
 "syntax",
]

[[package]]
name = "semantic"
version = "0.1.0"

[[package]]
name = "syntax"
version = "0.1.0"
